
Microsoft Visual Studio Solution File, Format Version 12.00
# Visual Studio 2013
VisualStudioVersion = 12.0.30501.0
MinimumVisualStudioVersion = 10.0.40219.1
Project("{FAE04EC0-301F-11D3-BF4B-00C04F79EFBC}") = "OutlookGridApp", "OutlookGridApp\OutlookGridApp.csproj", "{D966CE6D-A8B8-46F8-80B2-F9C3E768630F}"
EndProject
Project("{FAE04EC0-301F-11D3-BF4B-00C04F79EFBC}") = "GroupableGrid", "GroupableGrid\GroupableGrid.csproj", "{8438227D-9481-461C-8023-B766624CC8F5}"
EndProject
Project("{F184B08F-C81C-45F6-A57F-5ABD9991F28F}") = "GroupableGridView", "GroupableGridView\GroupableGridView.vbproj", "{0D46EA18-253A-44F2-809B-40429A5B9763}"
EndProject
Global
	GlobalSection(SolutionConfigurationPlatforms) = preSolution
		Debug|Any CPU = Debug|Any CPU
		Release|Any CPU = Release|Any CPU
	EndGlobalSection
	GlobalSection(ProjectConfigurationPlatforms) = postSolution
		{D966CE6D-A8B8-46F8-80B2-F9C3E768630F}.Debug|Any CPU.ActiveCfg = Debug|Any CPU
		{D966CE6D-A8B8-46F8-80B2-F9C3E768630F}.Debug|Any CPU.Build.0 = Debug|Any CPU
		{D966CE6D-A8B8-46F8-80B2-F9C3E768630F}.Release|Any CPU.ActiveCfg = Release|Any CPU
		{D966CE6D-A8B8-46F8-80B2-F9C3E768630F}.Release|Any CPU.Build.0 = Release|Any CPU
		{8438227D-9481-461C-8023-B766624CC8F5}.Debug|Any CPU.ActiveCfg = Debug|Any CPU
		{8438227D-9481-461C-8023-B766624CC8F5}.Debug|Any CPU.Build.0 = Debug|Any CPU
		{8438227D-9481-461C-8023-B766624CC8F5}.Release|Any CPU.ActiveCfg = Release|Any CPU
		{8438227D-9481-461C-8023-B766624CC8F5}.Release|Any CPU.Build.0 = Release|Any CPU
		{0D46EA18-253A-44F2-809B-40429A5B9763}.Debug|Any CPU.ActiveCfg = Debug|Any CPU
		{0D46EA18-253A-44F2-809B-40429A5B9763}.Debug|Any CPU.Build.0 = Debug|Any CPU
		{0D46EA18-253A-44F2-809B-40429A5B9763}.Release|Any CPU.ActiveCfg = Release|Any CPU
		{0D46EA18-253A-44F2-809B-40429A5B9763}.Release|Any CPU.Build.0 = Release|Any CPU
	EndGlobalSection
	GlobalSection(SolutionProperties) = preSolution
		HideSolutionNode = FALSE
	EndGlobalSection
EndGlobal
